
Microsoft Visual Studio Solution File, Format Version 12.00
# Visual Studio Version 17
VisualStudioVersion = 17.8.34322.80
MinimumVisualStudioVersion = 10.0.40219.1
Project("{FAE04EC0-301F-11D3-BF4B-00C04F79EFBC}") = "pet_app", "pet_app\pet_app.csproj", "{4BC74DAC-B4B9-4C82-83BD-A57E153F2E78}"
EndProject
Global
	GlobalSection(SolutionConfigurationPlatforms) = preSolution
		Debug|Any CPU = Debug|Any CPU
		Release|Any CPU = Release|Any CPU
	EndGlobalSection
	GlobalSection(ProjectConfigurationPlatforms) = postSolution
		{4BC74DAC-B4B9-4C82-83BD-A57E153F2E78}.Debug|Any CPU.ActiveCfg = Debug|Any CPU
		{4BC74DAC-B4B9-4C82-83BD-A57E153F2E78}.Debug|Any CPU.Build.0 = Debug|Any CPU
		{4BC74DAC-B4B9-4C82-83BD-A57E153F2E78}.Release|Any CPU.ActiveCfg = Release|Any CPU
		{4BC74DAC-B4B9-4C82-83BD-A57E153F2E78}.Release|Any CPU.Build.0 = Release|Any CPU
	EndGlobalSection
	GlobalSection(SolutionProperties) = preSolution
		HideSolutionNode = FALSE
	EndGlobalSection
	GlobalSection(ExtensibilityGlobals) = postSolution
		SolutionGuid = {1A4F6196-0706-462A-943C-09FC6D02938F}
	EndGlobalSection
EndGlobal
